// !$*UTF8*$!
{
	archiveVersion = 1;
	classes = {
	};
	objectVersion = 46;
	objects = {

/* Begin PBXBuildFile section */
		03AA8D211D0C420C00FDCBAE /* AppDelegate.swift in Sources */ = {isa = PBXBuildFile; fileRef = 03AA8D201D0C420C00FDCBAE /* AppDelegate.swift */; };
		03AA8D231D0C420C00FDCBAE /* ViewController.swift in Sources */ = {isa = PBXBuildFile; fileRef = 03AA8D221D0C420C00FDCBAE /* ViewController.swift */; };
		03AA8D261D0C420C00FDCBAE /* Main.storyboard in Resources */ = {isa = PBXBuildFile; fileRef = 03AA8D241D0C420C00FDCBAE /* Main.storyboard */; };
		03AA8D291D0C420C00FDCBAE /* Trelloesque.xcdatamodeld in Sources */ = {isa = PBXBuildFile; fileRef = 03AA8D271D0C420C00FDCBAE /* Trelloesque.xcdatamodeld */; };
		03AA8D2B1D0C420C00FDCBAE /* Assets.xcassets in Resources */ = {isa = PBXBuildFile; fileRef = 03AA8D2A1D0C420C00FDCBAE /* Assets.xcassets */; };
		03AA8D2E1D0C420C00FDCBAE /* LaunchScreen.storyboard in Resources */ = {isa = PBXBuildFile; fileRef = 03AA8D2C1D0C420C00FDCBAE /* LaunchScreen.storyboard */; };
		03AA8D391D0C420C00FDCBAE /* TrelloesqueTests.swift in Sources */ = {isa = PBXBuildFile; fileRef = 03AA8D381D0C420C00FDCBAE /* TrelloesqueTests.swift */; };
		03AA8D441D0C420C00FDCBAE /* TrelloesqueUITests.swift in Sources */ = {isa = PBXBuildFile; fileRef = 03AA8D431D0C420C00FDCBAE /* TrelloesqueUITests.swift */; };
/* End PBXBuildFile section */

/* Begin PBXContainerItemProxy section */
		03AA8D351D0C420C00FDCBAE /* PBXContainerItemProxy */ = {
			isa = PBXContainerItemProxy;
			containerPortal = 03AA8D151D0C420C00FDCBAE /* Project object */;
			proxyType = 1;
			remoteGlobalIDString = 03AA8D1C1D0C420C00FDCBAE;
			remoteInfo = Trelloesque;
		};
		03AA8D401D0C420C00FDCBAE /* PBXContainerItemProxy */ = {
			isa = PBXContainerItemProxy;
			containerPortal = 03AA8D151D0C420C00FDCBAE /* Project object */;
			proxyType = 1;
			remoteGlobalIDString = 03AA8D1C1D0C420C00FDCBAE;
			remoteInfo = Trelloesque;
		};
/* End PBXContainerItemProxy section */

/* Begin PBXFileReference section */
		03AA8D1D1D0C420C00FDCBAE /* Trelloesque.app */ = {isa = PBXFileReference; explicitFileType = wrapper.application; includeInIndex = 0; path = Trelloesque.app; sourceTree = BUILT_PRODUCTS_DIR; };
		03AA8D201D0C420C00FDCBAE /* AppDelegate.swift */ = {isa = PBXFileReference; lastKnownFileType = sourcecode.swift; path = AppDelegate.swift; sourceTree = "<group>"; };
		03AA8D221D0C420C00FDCBAE /* ViewController.swift */ = {isa = PBXFileReference; lastKnownFileType = sourcecode.swift; path = ViewController.swift; sourceTree = "<group>"; };
		03AA8D251D0C420C00FDCBAE /* Base */ = {isa = PBXFileReference; lastKnownFileType = file.storyboard; name = Base; path = Base.lproj/Main.storyboard; sourceTree = "<group>"; };
		03AA8D281D0C420C00FDCBAE /* Trelloesque.xcdatamodel */ = {isa = PBXFileReference; lastKnownFileType = wrapper.xcdatamodel; path = Trelloesque.xcdatamodel; sourceTree = "<group>"; };
		03AA8D2A1D0C420C00FDCBAE /* Assets.xcassets */ = {isa = PBXFileReference; lastKnownFileType = folder.assetcatalog; path = Assets.xcassets; sourceTree = "<group>"; };
		03AA8D2D1D0C420C00FDCBAE /* Base */ = {isa = PBXFileReference; lastKnownFileType = file.storyboard; name = Base; path = Base.lproj/LaunchScreen.storyboard; sourceTree = "<group>"; };
		03AA8D2F1D0C420C00FDCBAE /* Info.plist */ = {isa = PBXFileReference; lastKnownFileType = text.plist.xml; path = Info.plist; sourceTree = "<group>"; };
		03AA8D341D0C420C00FDCBAE /* TrelloesqueTests.xctest */ = {isa = PBXFileReference; explicitFileType = wrapper.cfbundle; includeInIndex = 0; path = TrelloesqueTests.xctest; sourceTree = BUILT_PRODUCTS_DIR; };
		03AA8D381D0C420C00FDCBAE /* TrelloesqueTests.swift */ = {isa = PBXFileReference; lastKnownFileType = sourcecode.swift; path = TrelloesqueTests.swift; sourceTree = "<group>"; };
		03AA8D3A1D0C420C00FDCBAE /* Info.plist */ = {isa = PBXFileReference; lastKnownFileType = text.plist.xml; path = Info.plist; sourceTree = "<group>"; };
		03AA8D3F1D0C420C00FDCBAE /* TrelloesqueUITests.xctest */ = {isa = PBXFileReference; explicitFileType = wrapper.cfbundle; includeInIndex = 0; path = TrelloesqueUITests.xctest; sourceTree = BUILT_PRODUCTS_DIR; };
		03AA8D431D0C420C00FDCBAE /* TrelloesqueUITests.swift */ = {isa = PBXFileReference; lastKnownFileType = sourcecode.swift; path = TrelloesqueUITests.swift; sourceTree = "<group>"; };
		03AA8D451D0C420C00FDCBAE /* Info.plist */ = {isa = PBXFileReference; lastKnownFileType = text.plist.xml; path = Info.plist; sourceTree = "<group>"; };
/* End PBXFileReference section */

/* Begin PBXFrameworksBuildPhase section */
		03AA8D1A1D0C420C00FDCBAE /* Frameworks */ = {
			isa = PBXFrameworksBuildPhase;
			buildActionMask = 2147483647;
			files = (
			);
			runOnlyForDeploymentPostprocessing = 0;
		};
		03AA8D311D0C420C00FDCBAE /* Frameworks */ = {
			isa = PBXFrameworksBuildPhase;
			buildActionMask = 2147483647;
			files = (
			);
			runOnlyForDeploymentPostprocessing = 0;
		};
		03AA8D3C1D0C420C00FDCBAE /* Frameworks */ = {
			isa = PBXFrameworksBuildPhase;
			buildActionMask = 2147483647;
			files = (
			);
			runOnlyForDeploymentPostprocessing = 0;
		};
/* End PBXFrameworksBuildPhase section */

/* Begin PBXGroup section */
		03AA8D141D0C420C00FDCBAE = {
			isa = PBXGroup;
			children = (
				03AA8D1F1D0C420C00FDCBAE /* Trelloesque */,
				03AA8D371D0C420C00FDCBAE /* TrelloesqueTests */,
				03AA8D421D0C420C00FDCBAE /* TrelloesqueUITests */,
				03AA8D1E1D0C420C00FDCBAE /* Products */,
			);
			sourceTree = "<group>";
		};
		03AA8D1E1D0C420C00FDCBAE /* Products */ = {
			isa = PBXGroup;
			children = (
				03AA8D1D1D0C420C00FDCBAE /* Trelloesque.app */,
				03AA8D341D0C420C00FDCBAE /* TrelloesqueTests.xctest */,
				03AA8D3F1D0C420C00FDCBAE /* TrelloesqueUITests.xctest */,
			);
			name = Products;
			sourceTree = "<group>";
		};
		03AA8D1F1D0C420C00FDCBAE /* Trelloesque */ = {
			isa = PBXGroup;
			children = (
				03AA8D201D0C420C00FDCBAE /* AppDelegate.swift */,
				03AA8D221D0C420C00FDCBAE /* ViewController.swift */,
				03AA8D241D0C420C00FDCBAE /* Main.storyboard */,
				03AA8D2A1D0C420C00FDCBAE /* Assets.xcassets */,
				03AA8D2C1D0C420C00FDCBAE /* LaunchScreen.storyboard */,
				03AA8D2F1D0C420C00FDCBAE /* Info.plist */,
				03AA8D271D0C420C00FDCBAE /* Trelloesque.xcdatamodeld */,
			);
			path = Trelloesque;
			sourceTree = "<group>";
		};
		03AA8D371D0C420C00FDCBAE /* TrelloesqueTests */ = {
			isa = PBXGroup;
			children = (
				03AA8D381D0C420C00FDCBAE /* TrelloesqueTests.swift */,
				03AA8D3A1D0C420C00FDCBAE /* Info.plist */,
			);
			path = TrelloesqueTests;
			sourceTree = "<group>";
		};
		03AA8D421D0C420C00FDCBAE /* TrelloesqueUITests */ = {
			isa = PBXGroup;
			children = (
				03AA8D431D0C420C00FDCBAE /* TrelloesqueUITests.swift */,
				03AA8D451D0C420C00FDCBAE /* Info.plist */,
			);
			path = TrelloesqueUITests;
			sourceTree = "<group>";
		};
/* End PBXGroup section */

/* Begin PBXNativeTarget section */
		03AA8D1C1D0C420C00FDCBAE /* Trelloesque */ = {
			isa = PBXNativeTarget;
			buildConfigurationList = 03AA8D481D0C420C00FDCBAE /* Build configuration list for PBXNativeTarget "Trelloesque" */;
			buildPhases = (
				03AA8D191D0C420C00FDCBAE /* Sources */,
				03AA8D1A1D0C420C00FDCBAE /* Frameworks */,
				03AA8D1B1D0C420C00FDCBAE /* Resources */,
			);
			buildRules = (
			);
			dependencies = (
			);
			name = Trelloesque;
			productName = Trelloesque;
			productReference = 03AA8D1D1D0C420C00FDCBAE /* Trelloesque.app */;
			productType = "com.apple.product-type.application";
		};
		03AA8D331D0C420C00FDCBAE /* TrelloesqueTests */ = {
			isa = PBXNativeTarget;
			buildConfigurationList = 03AA8D4B1D0C420C00FDCBAE /* Build configuration list for PBXNativeTarget "TrelloesqueTests" */;
			buildPhases = (
				03AA8D301D0C420C00FDCBAE /* Sources */,
				03AA8D311D0C420C00FDCBAE /* Frameworks */,
				03AA8D321D0C420C00FDCBAE /* Resources */,
			);
			buildRules = (
			);
			dependencies = (
				03AA8D361D0C420C00FDCBAE /* PBXTargetDependency */,
			);
			name = TrelloesqueTests;
			productName = TrelloesqueTests;
			productReference = 03AA8D341D0C420C00FDCBAE /* TrelloesqueTests.xctest */;
			productType = "com.apple.product-type.bundle.unit-test";
		};
		03AA8D3E1D0C420C00FDCBAE /* TrelloesqueUITests */ = {
			isa = PBXNativeTarget;
			buildConfigurationList = 03AA8D4E1D0C420C00FDCBAE /* Build configuration list for PBXNativeTarget "TrelloesqueUITests" */;
			buildPhases = (
				03AA8D3B1D0C420C00FDCBAE /* Sources */,
				03AA8D3C1D0C420C00FDCBAE /* Frameworks */,
				03AA8D3D1D0C420C00FDCBAE /* Resources */,
			);
			buildRules = (
			);
			dependencies = (
				03AA8D411D0C420C00FDCBAE /* PBXTargetDependency */,
			);
			name = TrelloesqueUITests;
			productName = TrelloesqueUITests;
			productReference = 03AA8D3F1D0C420C00FDCBAE /* TrelloesqueUITests.xctest */;
			productType = "com.apple.product-type.bundle.ui-testing";
		};
/* End PBXNativeTarget section */

/* Begin PBXProject section */
		03AA8D151D0C420C00FDCBAE /* Project object */ = {
			isa = PBXProject;
			attributes = {
				LastSwiftUpdateCheck = 0730;
				LastUpgradeCheck = 0730;
				ORGANIZATIONNAME = Monetor;
				TargetAttributes = {
					03AA8D1C1D0C420C00FDCBAE = {
						CreatedOnToolsVersion = 7.3.1;
					};
					03AA8D331D0C420C00FDCBAE = {
						CreatedOnToolsVersion = 7.3.1;
						TestTargetID = 03AA8D1C1D0C420C00FDCBAE;
					};
					03AA8D3E1D0C420C00FDCBAE = {
						CreatedOnToolsVersion = 7.3.1;
						TestTargetID = 03AA8D1C1D0C420C00FDCBAE;
					};
				};
			};
			buildConfigurationList = 03AA8D181D0C420C00FDCBAE /* Build configuration list for PBXProject "Trelloesque" */;
			compatibilityVersion = "Xcode 3.2";
			developmentRegion = English;
			hasScannedForEncodings = 0;
			knownRegions = (
				en,
				Base,
			);
			mainGroup = 03AA8D141D0C420C00FDCBAE;
			productRefGroup = 03AA8D1E1D0C420C00FDCBAE /* Products */;
			projectDirPath = "";
			projectRoot = "";
			targets = (
				03AA8D1C1D0C420C00FDCBAE /* Trelloesque */,
				03AA8D331D0C420C00FDCBAE /* TrelloesqueTests */,
				03AA8D3E1D0C420C00FDCBAE /* TrelloesqueUITests */,
			);
		};
/* End PBXProject section */

/* Begin PBXResourcesBuildPhase section */
		03AA8D1B1D0C420C00FDCBAE /* Resources */ = {
			isa = PBXResourcesBuildPhase;
			buildActionMask = 2147483647;
			files = (
				03AA8D2E1D0C420C00FDCBAE /* LaunchScreen.storyboard in Resources */,
				03AA8D2B1D0C420C00FDCBAE /* Assets.xcassets in Resources */,
				03AA8D261D0C420C00FDCBAE /* Main.storyboard in Resources */,
			);
			runOnlyForDeploymentPostprocessing = 0;
		};
		03AA8D321D0C420C00FDCBAE /* Resources */ = {
			isa = PBXResourcesBuildPhase;
			buildActionMask = 2147483647;
			files = (
			);
			runOnlyForDeploymentPostprocessing = 0;
		};
		03AA8D3D1D0C420C00FDCBAE /* Resources */ = {
			isa = PBXResourcesBuildPhase;
			buildActionMask = 2147483647;
			files = (
			);
			runOnlyForDeploymentPostprocessing = 0;
		};
/* End PBXResourcesBuildPhase section */

/* Begin PBXSourcesBuildPhase section */
		03AA8D191D0C420C00FDCBAE /* Sources */ = {
			isa = PBXSourcesBuildPhase;
			buildActionMask = 2147483647;
			files = (
				03AA8D231D0C420C00FDCBAE /* ViewController.swift in Sources */,
				03AA8D291D0C420C00FDCBAE /* Trelloesque.xcdatamodeld in Sources */,
				03AA8D211D0C420C00FDCBAE /* AppDelegate.swift in Sources */,
			);
			runOnlyForDeploymentPostprocessing = 0;
		};
		03AA8D301D0C420C00FDCBAE /* Sources */ = {
			isa = PBXSourcesBuildPhase;
			buildActionMask = 2147483647;
			files = (
				03AA8D391D0C420C00FDCBAE /* TrelloesqueTests.swift in Sources */,
			);
			runOnlyForDeploymentPostprocessing = 0;
		};
		03AA8D3B1D0C420C00FDCBAE /* Sources */ = {
			isa = PBXSourcesBuildPhase;
			buildActionMask = 2147483647;
			files = (
				03AA8D441D0C420C00FDCBAE /* TrelloesqueUITests.swift in Sources */,
			);
			runOnlyForDeploymentPostprocessing = 0;
		};
/* End PBXSourcesBuildPhase section */

/* Begin PBXTargetDependency section */
		03AA8D361D0C420C00FDCBAE /* PBXTargetDependency */ = {
			isa = PBXTargetDependency;
			target = 03AA8D1C1D0C420C00FDCBAE /* Trelloesque */;
			targetProxy = 03AA8D351D0C420C00FDCBAE /* PBXContainerItemProxy */;
		};
		03AA8D411D0C420C00FDCBAE /* PBXTargetDependency */ = {
			isa = PBXTargetDependency;
			target = 03AA8D1C1D0C420C00FDCBAE /* Trelloesque */;
			targetProxy = 03AA8D401D0C420C00FDCBAE /* PBXContainerItemProxy */;
		};
/* End PBXTargetDependency section */

/* Begin PBXVariantGroup section */
		03AA8D241D0C420C00FDCBAE /* Main.storyboard */ = {
			isa = PBXVariantGroup;
			children = (
				03AA8D251D0C420C00FDCBAE /* Base */,
			);
			name = Main.storyboard;
			sourceTree = "<group>";
		};
		03AA8D2C1D0C420C00FDCBAE /* LaunchScreen.storyboard */ = {
			isa = PBXVariantGroup;
			children = (
				03AA8D2D1D0C420C00FDCBAE /* Base */,
			);
			name = LaunchScreen.storyboard;
			sourceTree = "<group>";
		};
/* End PBXVariantGroup section */

/* Begin XCBuildConfiguration section */
		03AA8D461D0C420C00FDCBAE /* Debug */ = {
			isa = XCBuildConfiguration;
			buildSettings = {
				ALWAYS_SEARCH_USER_PATHS = NO;
				CLANG_ANALYZER_NONNULL = YES;
				CLANG_CXX_LANGUAGE_STANDARD = "gnu++0x";
				CLANG_CXX_LIBRARY = "libc++";
				CLANG_ENABLE_MODULES = YES;
				CLANG_ENABLE_OBJC_ARC = YES;
				CLANG_WARN_BOOL_CONVERSION = YES;
				CLANG_WARN_CONSTANT_CONVERSION = YES;
				CLANG_WARN_DIRECT_OBJC_ISA_USAGE = YES_ERROR;
				CLANG_WARN_EMPTY_BODY = YES;
				CLANG_WARN_ENUM_CONVERSION = YES;
				CLANG_WARN_INT_CONVERSION = YES;
				CLANG_WARN_OBJC_ROOT_CLASS = YES_ERROR;
				CLANG_WARN_UNREACHABLE_CODE = YES;
				CLANG_WARN__DUPLICATE_METHOD_MATCH = YES;
				"CODE_SIGN_IDENTITY[sdk=iphoneos*]" = "iPhone Developer";
				COPY_PHASE_STRIP = NO;
				DEBUG_INFORMATION_FORMAT = dwarf;
				ENABLE_STRICT_OBJC_MSGSEND = YES;
				ENABLE_TESTABILITY = YES;
				GCC_C_LANGUAGE_STANDARD = gnu99;
				GCC_DYNAMIC_NO_PIC = NO;
				GCC_NO_COMMON_BLOCKS = YES;
				GCC_OPTIMIZATION_LEVEL = 0;
				GCC_PREPROCESSOR_DEFINITIONS = (
					"DEBUG=1",
					"$(inherited)",
				);
				GCC_WARN_64_TO_32_BIT_CONVERSION = YES;
				GCC_WARN_ABOUT_RETURN_TYPE = YES_ERROR;
				GCC_WARN_UNDECLARED_SELECTOR = YES;
				GCC_WARN_UNINITIALIZED_AUTOS = YES_AGGRESSIVE;
				GCC_WARN_UNUSED_FUNCTION = YES;
				GCC_WARN_UNUSED_VARIABLE = YES;
				IPHONEOS_DEPLOYMENT_TARGET = 9.3;
				MTL_ENABLE_DEBUG_INFO = YES;
				ONLY_ACTIVE_ARCH = YES;
				SDKROOT = iphoneos;
				SWIFT_OPTIMIZATION_LEVEL = "-Onone";
			};
			name = Debug;
		};
		03AA8D471D0C420C00FDCBAE /* Release */ = {
			isa = XCBuildConfiguration;
			buildSettings = {
				ALWAYS_SEARCH_USER_PATHS = NO;
				CLANG_ANALYZER_NONNULL = YES;
				CLANG_CXX_LANGUAGE_STANDARD = "gnu++0x";
				CLANG_CXX_LIBRARY = "libc++";
				CLANG_ENABLE_MODULES = YES;
				CLANG_ENABLE_OBJC_ARC = YES;
				CLANG_WARN_BOOL_CONVERSION = YES;
				CLANG_WARN_CONSTANT_CONVERSION = YES;
				CLANG_WARN_DIRECT_OBJC_ISA_USAGE = YES_ERROR;
				CLANG_WARN_EMPTY_BODY = YES;
				CLANG_WARN_ENUM_CONVERSION = YES;
				CLANG_WARN_INT_CONVERSION = YES;
				CLANG_WARN_OBJC_ROOT_CLASS = YES_ERROR;
				CLANG_WARN_UNREACHABLE_CODE = YES;
				CLANG_WARN__DUPLICATE_METHOD_MATCH = YES;
				"CODE_SIGN_IDENTITY[sdk=iphoneos*]" = "iPhone Developer";
				COPY_PHASE_STRIP = NO;
				DEBUG_INFORMATION_FORMAT = "dwarf-with-dsym";
				ENABLE_NS_ASSERTIONS = NO;
				ENABLE_STRICT_OBJC_MSGSEND = YES;
				GCC_C_LANGUAGE_STANDARD = gnu99;
				GCC_NO_COMMON_BLOCKS = YES;
				GCC_WARN_64_TO_32_BIT_CONVERSION = YES;
				GCC_WARN_ABOUT_RETURN_TYPE = YES_ERROR;
				GCC_WARN_UNDECLARED_SELECTOR = YES;
				GCC_WARN_UNINITIALIZED_AUTOS = YES_AGGRESSIVE;
				GCC_WARN_UNUSED_FUNCTION = YES;
				GCC_WARN_UNUSED_VARIABLE = YES;
				IPHONEOS_DEPLOYMENT_TARGET = 9.3;
				MTL_ENABLE_DEBUG_INFO = NO;
				SDKROOT = iphoneos;
				VALIDATE_PRODUCT = YES;
			};
			name = Release;
		};
		03AA8D491D0C420C00FDCBAE /* Debug */ = {
			isa = XCBuildConfiguration;
			buildSettings = {
				ASSETCATALOG_COMPILER_APPICON_NAME = AppIcon;
				INFOPLIST_FILE = Trelloesque/Info.plist;
				LD_RUNPATH_SEARCH_PATHS = "$(inherited) @executable_path/Frameworks";
				PRODUCT_BUNDLE_IDENTIFIER = com.Monetor.Trelloesque;
				PRODUCT_NAME = "$(TARGET_NAME)";
			};
			name = Debug;
		};
		03AA8D4A1D0C420C00FDCBAE /* Release */ = {
			isa = XCBuildConfiguration;
			buildSettings = {
				ASSETCATALOG_COMPILER_APPICON_NAME = AppIcon;
				INFOPLIST_FILE = Trelloesque/Info.plist;
				LD_RUNPATH_SEARCH_PATHS = "$(inherited) @executable_path/Frameworks";
				PRODUCT_BUNDLE_IDENTIFIER = com.Monetor.Trelloesque;
				PRODUCT_NAME = "$(TARGET_NAME)";
			};
			name = Release;
		};
		03AA8D4C1D0C420C00FDCBAE /* Debug */ = {
			isa = XCBuildConfiguration;
			buildSettings = {
				BUNDLE_LOADER = "$(TEST_HOST)";
				INFOPLIST_FILE = TrelloesqueTests/Info.plist;
				LD_RUNPATH_SEARCH_PATHS = "$(inherited) @executable_path/Frameworks @loader_path/Frameworks";
				PRODUCT_BUNDLE_IDENTIFIER = com.Monetor.TrelloesqueTests;
				PRODUCT_NAME = "$(TARGET_NAME)";
				TEST_HOST = "$(BUILT_PRODUCTS_DIR)/Trelloesque.app/Trelloesque";
			};
			name = Debug;
		};
		03AA8D4D1D0C420C00FDCBAE /* Release */ = {
			isa = XCBuildConfiguration;
			buildSettings = {
				BUNDLE_LOADER = "$(TEST_HOST)";
				INFOPLIST_FILE = TrelloesqueTests/Info.plist;
				LD_RUNPATH_SEARCH_PATHS = "$(inherited) @executable_path/Frameworks @loader_path/Frameworks";
				PRODUCT_BUNDLE_IDENTIFIER = com.Monetor.TrelloesqueTests;
				PRODUCT_NAME = "$(TARGET_NAME)";
				TEST_HOST = "$(BUILT_PRODUCTS_DIR)/Trelloesque.app/Trelloesque";
			};
			name = Release;
		};
		03AA8D4F1D0C420C00FDCBAE /* Debug */ = {
			isa = XCBuildConfiguration;
			buildSettings = {
				INFOPLIST_FILE = TrelloesqueUITests/Info.plist;
				LD_RUNPATH_SEARCH_PATHS = "$(inherited) @executable_path/Frameworks @loader_path/Frameworks";
				PRODUCT_BUNDLE_IDENTIFIER = com.Monetor.TrelloesqueUITests;
				PRODUCT_NAME = "$(TARGET_NAME)";
				TEST_TARGET_NAME = Trelloesque;
			};
			name = Debug;
		};
		03AA8D501D0C420C00FDCBAE /* Release */ = {
			isa = XCBuildConfiguration;
			buildSettings = {
				INFOPLIST_FILE = TrelloesqueUITests/Info.plist;
				LD_RUNPATH_SEARCH_PATHS = "$(inherited) @executable_path/Frameworks @loader_path/Frameworks";
				PRODUCT_BUNDLE_IDENTIFIER = com.Monetor.TrelloesqueUITests;
				PRODUCT_NAME = "$(TARGET_NAME)";
				TEST_TARGET_NAME = Trelloesque;
			};
			name = Release;
		};
/* End XCBuildConfiguration section */

/* Begin XCConfigurationList section */
		03AA8D181D0C420C00FDCBAE /* Build configuration list for PBXProject "Trelloesque" */ = {
			isa = XCConfigurationList;
			buildConfigurations = (
				03AA8D461D0C420C00FDCBAE /* Debug */,
				03AA8D471D0C420C00FDCBAE /* Release */,
			);
			defaultConfigurationIsVisible = 0;
			defaultConfigurationName = Release;
		};
		03AA8D481D0C420C00FDCBAE /* Build configuration list for PBXNativeTarget "Trelloesque" */ = {
			isa = XCConfigurationList;
			buildConfigurations = (
				03AA8D491D0C420C00FDCBAE /* Debug */,
				03AA8D4A1D0C420C00FDCBAE /* Release */,
			);
			defaultConfigurationIsVisible = 0;
		};
		03AA8D4B1D0C420C00FDCBAE /* Build configuration list for PBXNativeTarget "TrelloesqueTests" */ = {
			isa = XCConfigurationList;
			buildConfigurations = (
				03AA8D4C1D0C420C00FDCBAE /* Debug */,
				03AA8D4D1D0C420C00FDCBAE /* Release */,
			);
			defaultConfigurationIsVisible = 0;
		};
		03AA8D4E1D0C420C00FDCBAE /* Build configuration list for PBXNativeTarget "TrelloesqueUITests" */ = {
			isa = XCConfigurationList;
			buildConfigurations = (
				03AA8D4F1D0C420C00FDCBAE /* Debug */,
				03AA8D501D0C420C00FDCBAE /* Release */,
			);
			defaultConfigurationIsVisible = 0;
		};
/* End XCConfigurationList section */

/* Begin XCVersionGroup section */
		03AA8D271D0C420C00FDCBAE /* Trelloesque.xcdatamodeld */ = {
			isa = XCVersionGroup;
			children = (
				03AA8D281D0C420C00FDCBAE /* Trelloesque.xcdatamodel */,
			);
			currentVersion = 03AA8D281D0C420C00FDCBAE /* Trelloesque.xcdatamodel */;
			path = Trelloesque.xcdatamodeld;
			sourceTree = "<group>";
			versionGroupType = wrapper.xcdatamodel;
		};
/* End XCVersionGroup section */
	};
	rootObject = 03AA8D151D0C420C00FDCBAE /* Project object */;
}
